
Microsoft Visual Studio Solution File, Format Version 12.00
# Visual Studio Version 17
VisualStudioVersion = 17.5.002.0
MinimumVisualStudioVersion = 10.0.40219.1
Project("{9A19103F-16F7-4668-BE54-9A1E7A4F7556}") = "adventofcode", "adventofcode.csproj", "{0311BBC7-3D97-4391-B294-89A21ED184D7}"
EndProject
Global
	GlobalSection(SolutionConfigurationPlatforms) = preSolution
		Debug|Any CPU = Debug|Any CPU
		Release|Any CPU = Release|Any CPU
	EndGlobalSection
	GlobalSection(ProjectConfigurationPlatforms) = postSolution
		{0311BBC7-3D97-4391-B294-89A21ED184D7}.Debug|Any CPU.ActiveCfg = Debug|Any CPU
		{0311BBC7-3D97-4391-B294-89A21ED184D7}.Debug|Any CPU.Build.0 = Debug|Any CPU
		{0311BBC7-3D97-4391-B294-89A21ED184D7}.Release|Any CPU.ActiveCfg = Release|Any CPU
		{0311BBC7-3D97-4391-B294-89A21ED184D7}.Release|Any CPU.Build.0 = Release|Any CPU
	EndGlobalSection
	GlobalSection(SolutionProperties) = preSolution
		HideSolutionNode = FALSE
	EndGlobalSection
	GlobalSection(ExtensibilityGlobals) = postSolution
		SolutionGuid = {830E1FB4-A083-4DC8-A157-2C1AC6B9F285}
	EndGlobalSection
EndGlobal
